<?xml version="1.0" encoding="utf-8"?>
<Project ToolsVersion="4.0" xmlns="http://schemas.microsoft.com/developer/msbuild/2003">
  <ItemGroup>
    <ClCompile Include="process-starter.cpp" />
    <ClCompile Include="win32_helper.cpp" />
  </ItemGroup>
  <ItemGroup>
    <Filter Include="include">
      <UniqueIdentifier>{280836dc-cb93-487a-bc87-09408baec535}</UniqueIdentifier>
    </Filter>
    <Filter Include="include\process-starter">
      <UniqueIdentifier>{3edee012-6265-4f80-9414-1aad22b33877}</UniqueIdentifier>
    </Filter>
  </ItemGroup>
  <ItemGroup>
    <ClInclude Include="include\process-starter\win32_helper.hpp">
      <Filter>include\process-starter</Filter>
    </ClInclude>
  </ItemGroup>
  <ItemGroup>
    <None Include="vcpkg.props" />
  </ItemGroup>
</Project>